PODS:
  - MetalPetal (1.6.0):
    - MetalPetal/Core (= 1.6.0)
  - MetalPetal/Core (1.6.0)
  - MetalPetalSurfaceBlur (0.1.0):
    - MetalPetal

DEPENDENCIES:
  - MetalPetalSurfaceBlur (from `../`)

SPEC REPOS:
  trunk:
    - MetalPetal

EXTERNAL SOURCES:
  MetalPetalSurfaceBlur:
    :path: "../"

SPEC CHECKSUMS:
  MetalPetal: 4b42dd807317ebdc9e6406a082a0a4067ca2c585
  MetalPetalSurfaceBlur: 377311096336659127cc60368ecb94815367108a

PODFILE CHECKSUM: ee9691615d98255d01e73bcf143ca7185af0a7eb

COCOAPODS: 1.8.4
