PODS:
  - MetalPetal (1.24.0):
    - MetalPetal/Core (= 1.24.0)
  - MetalPetal/Core (1.24.0)
  - MetalPetalSurfaceBlur (0.1.0):
    - MetalPetal

DEPENDENCIES:
  - MetalPetalSurfaceBlur (from `../`)

SPEC REPOS:
  trunk:
    - MetalPetal

EXTERNAL SOURCES:
  MetalPetalSurfaceBlur:
    :path: "../"

SPEC CHECKSUMS:
  MetalPetal: 29d8cd412ab8e0b7a31443277a56050719ee0a27
  MetalPetalSurfaceBlur: 31c65676aec9a21cd050d2e734511b6e6dccce9e

PODFILE CHECKSUM: a9b5142e0d43849fef2c7c96265f42faad9b51c6

COCOAPODS: 1.10.1
